
Microsoft Visual Studio Solution File, Format Version 12.00
# Visual Studio Version 17
VisualStudioVersion = 17.2.32630.192
MinimumVisualStudioVersion = 10.0.40219.1
Project("{FAE04EC0-301F-11D3-BF4B-00C04F79EFBC}") = "EnrollmentSystem", "EnrollmentSystem\EnrollmentSystem.csproj", "{A17F3FF4-6BF6-4909-BECE-1D4D7D58E7FA}"
EndProject
Global
	GlobalSection(SolutionConfigurationPlatforms) = preSolution
		Debug|Any CPU = Debug|Any CPU
		Release|Any CPU = Release|Any CPU
	EndGlobalSection
	GlobalSection(ProjectConfigurationPlatforms) = postSolution
		{A17F3FF4-6BF6-4909-BECE-1D4D7D58E7FA}.Debug|Any CPU.ActiveCfg = Debug|Any CPU
		{A17F3FF4-6BF6-4909-BECE-1D4D7D58E7FA}.Debug|Any CPU.Build.0 = Debug|Any CPU
		{A17F3FF4-6BF6-4909-BECE-1D4D7D58E7FA}.Release|Any CPU.ActiveCfg = Release|Any CPU
		{A17F3FF4-6BF6-4909-BECE-1D4D7D58E7FA}.Release|Any CPU.Build.0 = Release|Any CPU
	EndGlobalSection
	GlobalSection(SolutionProperties) = preSolution
		HideSolutionNode = FALSE
	EndGlobalSection
	GlobalSection(ExtensibilityGlobals) = postSolution
		SolutionGuid = {DB29D091-D55F-4722-B7AA-4365C5B4E5FA}
	EndGlobalSection
EndGlobal
